
Microsoft Visual Studio Solution File, Format Version 12.00
# Visual Studio Version 17
VisualStudioVersion = 17.8.34316.72
MinimumVisualStudioVersion = 10.0.40219.1
Project("{888888A0-9F3D-457C-B088-3A5042F75D52}") = "Esimesed programmid", "Esimesed programmid\Esimesed programmid.pyproj", "{CCC1A219-011E-4AB8-A04F-944FD279A3AB}"
EndProject
Global
	GlobalSection(SolutionConfigurationPlatforms) = preSolution
		Debug|Any CPU = Debug|Any CPU
		Release|Any CPU = Release|Any CPU
	EndGlobalSection
	GlobalSection(ProjectConfigurationPlatforms) = postSolution
		{CCC1A219-011E-4AB8-A04F-944FD279A3AB}.Debug|Any CPU.ActiveCfg = Debug|Any CPU
		{CCC1A219-011E-4AB8-A04F-944FD279A3AB}.Release|Any CPU.ActiveCfg = Release|Any CPU
	EndGlobalSection
	GlobalSection(SolutionProperties) = preSolution
		HideSolutionNode = FALSE
	EndGlobalSection
	GlobalSection(ExtensibilityGlobals) = postSolution
		SolutionGuid = {017AE8BA-BEF4-4099-A13A-4363A89718BF}
	EndGlobalSection
EndGlobal
